
Microsoft Visual Studio Solution File, Format Version 12.00
# Visual Studio Version 17
VisualStudioVersion = 17.7.34009.444
MinimumVisualStudioVersion = 10.0.40219.1
Project("{FAE04EC0-301F-11D3-BF4B-00C04F79EFBC}") = "11Pamoka_UzduotysVisos_Debug", "11Pamoka_UzduotysVisos_Debug\11Pamoka_UzduotysVisos_Debug.csproj", "{D45C110F-108A-4B60-B3FB-417E2B317A01}"
EndProject
Global
	GlobalSection(SolutionConfigurationPlatforms) = preSolution
		Debug|Any CPU = Debug|Any CPU
		Release|Any CPU = Release|Any CPU
	EndGlobalSection
	GlobalSection(ProjectConfigurationPlatforms) = postSolution
		{D45C110F-108A-4B60-B3FB-417E2B317A01}.Debug|Any CPU.ActiveCfg = Debug|Any CPU
		{D45C110F-108A-4B60-B3FB-417E2B317A01}.Debug|Any CPU.Build.0 = Debug|Any CPU
		{D45C110F-108A-4B60-B3FB-417E2B317A01}.Release|Any CPU.ActiveCfg = Release|Any CPU
		{D45C110F-108A-4B60-B3FB-417E2B317A01}.Release|Any CPU.Build.0 = Release|Any CPU
	EndGlobalSection
	GlobalSection(SolutionProperties) = preSolution
		HideSolutionNode = FALSE
	EndGlobalSection
	GlobalSection(ExtensibilityGlobals) = postSolution
		SolutionGuid = {4B27BCB5-D329-4895-B292-9F3120DF9935}
	EndGlobalSection
EndGlobal
